
Microsoft Visual Studio Solution File, Format Version 12.00
# Visual Studio Version 16
VisualStudioVersion = 16.0.30717.126
MinimumVisualStudioVersion = 10.0.40219.1
Project("{FAE04EC0-301F-11D3-BF4B-00C04F79EFBC}") = "Personal Finance Tracker", "Personal Finance Tracker.csproj", "{B44F57DA-E3D7-4A28-9084-863345C4C428}"
EndProject
Global
	GlobalSection(SolutionConfigurationPlatforms) = preSolution
		Debug|Any CPU = Debug|Any CPU
		Release|Any CPU = Release|Any CPU
	EndGlobalSection
	GlobalSection(ProjectConfigurationPlatforms) = postSolution
		{B44F57DA-E3D7-4A28-9084-863345C4C428}.Debug|Any CPU.ActiveCfg = Debug|Any CPU
		{B44F57DA-E3D7-4A28-9084-863345C4C428}.Debug|Any CPU.Build.0 = Debug|Any CPU
		{B44F57DA-E3D7-4A28-9084-863345C4C428}.Release|Any CPU.ActiveCfg = Release|Any CPU
		{B44F57DA-E3D7-4A28-9084-863345C4C428}.Release|Any CPU.Build.0 = Release|Any CPU
	EndGlobalSection
	GlobalSection(SolutionProperties) = preSolution
		HideSolutionNode = FALSE
	EndGlobalSection
	GlobalSection(ExtensibilityGlobals) = postSolution
		SolutionGuid = {D8D7865E-A55A-483E-89D3-A8C997AD2FF1}
	EndGlobalSection
EndGlobal
